
Microsoft Visual Studio Solution File, Format Version 12.00
# Visual Studio Version 16
VisualStudioVersion = 25.0.1706.8
MinimumVisualStudioVersion = 10.0.40219.1
Project("{FAE04EC0-301F-11D3-BF4B-00C04F79EFBC}") = "Week13_Esame", "Week13_Esame\Week13_Esame.csproj", "{FBDE746B-243E-46BD-9800-26F2F34D9E37}"
EndProject
Global
	GlobalSection(SolutionConfigurationPlatforms) = preSolution
		Debug|Any CPU = Debug|Any CPU
		Release|Any CPU = Release|Any CPU
	EndGlobalSection
	GlobalSection(ProjectConfigurationPlatforms) = postSolution
		{FBDE746B-243E-46BD-9800-26F2F34D9E37}.Debug|Any CPU.ActiveCfg = Debug|Any CPU
		{FBDE746B-243E-46BD-9800-26F2F34D9E37}.Debug|Any CPU.Build.0 = Debug|Any CPU
		{FBDE746B-243E-46BD-9800-26F2F34D9E37}.Release|Any CPU.ActiveCfg = Release|Any CPU
		{FBDE746B-243E-46BD-9800-26F2F34D9E37}.Release|Any CPU.Build.0 = Release|Any CPU
	EndGlobalSection
	GlobalSection(SolutionProperties) = preSolution
		HideSolutionNode = FALSE
	EndGlobalSection
	GlobalSection(ExtensibilityGlobals) = postSolution
		SolutionGuid = {9C5F4F26-0092-4535-AD6C-EB2B562D18D0}
	EndGlobalSection
EndGlobal
